
Microsoft Visual Studio Solution File, Format Version 12.00
# Visual Studio 2013
VisualStudioVersion = 12.0.31101.0
MinimumVisualStudioVersion = 10.0.40219.1
Project("{FAE04EC0-301F-11D3-BF4B-00C04F79EFBC}") = "Jess", "Jess\Jess.csproj", "{86E9424B-8BF8-423D-97A6-BB76E8A3B6CB}"
EndProject
Project("{2150E333-8FDC-42A3-9474-1A3956D46DE8}") = ".nuget", ".nuget", "{B1C8D228-E0FB-469D-BF2F-0CE6942D3299}"
	ProjectSection(SolutionItems) = preProject
		.nuget\packages.config = .nuget\packages.config
	EndProjectSection
EndProject
Project("{FAE04EC0-301F-11D3-BF4B-00C04F79EFBC}") = "Jess.Tests", "Jess.Tests\Jess.Tests.csproj", "{FDE0EFE6-24CC-458C-98FF-981674A29B21}"
EndProject
Global
	GlobalSection(SolutionConfigurationPlatforms) = preSolution
		Debug|Any CPU = Debug|Any CPU
		Release|Any CPU = Release|Any CPU
	EndGlobalSection
	GlobalSection(ProjectConfigurationPlatforms) = postSolution
		{86E9424B-8BF8-423D-97A6-BB76E8A3B6CB}.Debug|Any CPU.ActiveCfg = Debug|Any CPU
		{86E9424B-8BF8-423D-97A6-BB76E8A3B6CB}.Debug|Any CPU.Build.0 = Debug|Any CPU
		{86E9424B-8BF8-423D-97A6-BB76E8A3B6CB}.Release|Any CPU.ActiveCfg = Release|Any CPU
		{86E9424B-8BF8-423D-97A6-BB76E8A3B6CB}.Release|Any CPU.Build.0 = Release|Any CPU
		{FDE0EFE6-24CC-458C-98FF-981674A29B21}.Debug|Any CPU.ActiveCfg = Debug|Any CPU
		{FDE0EFE6-24CC-458C-98FF-981674A29B21}.Debug|Any CPU.Build.0 = Debug|Any CPU
		{FDE0EFE6-24CC-458C-98FF-981674A29B21}.Release|Any CPU.ActiveCfg = Release|Any CPU
		{FDE0EFE6-24CC-458C-98FF-981674A29B21}.Release|Any CPU.Build.0 = Release|Any CPU
	EndGlobalSection
	GlobalSection(SolutionProperties) = preSolution
		HideSolutionNode = FALSE
	EndGlobalSection
EndGlobal
